Microsoft Visual Studio Solution File, Format Version 12.00
# Visual Studio 15
VisualStudioVersion = 15.0.28307.1738
MinimumVisualStudioVersion = 10.0.40219.1
Project("{FAE04EC0-301F-11D3-BF4B-00C04F79EFBC}") = "PneCtsLib", "PneCtsLib\PneCtsLib.csproj", "{AEAF69FF-974D-41D3-A0D8-BF8ABADFD1B0}"
EndProject
Project("{FAE04EC0-301F-11D3-BF4B-00C04F79EFBC}") = "AppBatteryControl", "BatteryControl\AppBatteryControl.csproj", "{AEF33CC6-4F1B-4B74-A234-2FFB42354024}"
EndProject
Project("{FAE04EC0-301F-11D3-BF4B-00C04F79EFBC}") = "SharedLib", "SharedLib\SharedLib.csproj", "{BC031061-2598-4696-A92B-355793135D4C}"
EndProject
Project("{FAE04EC0-301F-11D3-BF4B-00C04F79EFBC}") = "I7565H1Lib", "I7565H1Lib\I7565H1Lib.csproj", "{EDCB15F0-7A5A-4049-8A39-8BC741811267}"
EndProject
Project("{FAE04EC0-301F-11D3-BF4B-00C04F79EFBC}") = "ZebraScannerLib", "ZebraScannerLib\ZebraScannerLib.csproj", "{28905996-1238-4004-A445-EF76EEB74145}"
EndProject
Project("{FAE04EC0-301F-11D3-BF4B-00C04F79EFBC}") = "SQLManager", "SQLManager\SQLManager.csproj", "{84AA21D2-70F4-4410-B62A-4D98DCC61DCD}"
EndProject
Project("{FAE04EC0-301F-11D3-BF4B-00C04F79EFBC}") = "ST5520Lib", "ST5520Lib\ST5520Lib.csproj", "{446AE916-8E4A-4F21-86EF-A5D7E2B3CC02}"
EndProject
Project("{FAE04EC0-301F-11D3-BF4B-00C04F79EFBC}") = "SerialPortLib", "SerialPortLib\SerialPortLib.csproj", "{2EEB2727-3AC0-43EF-A94A-973157B7F21C}"
EndProject
Project("{FAE04EC0-301F-11D3-BF4B-00C04F79EFBC}") = "MultimeterLib", "MultimeterLib\MultimeterLib.csproj", "{10A49C82-9382-4F6F-9639-1764AE8E431B}"
EndProject
Project("{FAE04EC0-301F-11D3-BF4B-00C04F79EFBC}") = "BaseLib", "BaseLib\BaseLib.csproj", "{3E3150BB-1FA2-46E9-8A65-0A91443F62E9}"
EndProject
Project("{FAE04EC0-301F-11D3-BF4B-00C04F79EFBC}") = "ACIRLib", "ACIRLib\ACIRLib.csproj", "{932B967B-19BE-48BD-B071-37424F1F1555}"
EndProject
Project("{FAE04EC0-301F-11D3-BF4B-00C04F79EFBC}") = "RestApiLib", "RestApiLib\RestApiLib.csproj", "{CEA8D3E2-1EDF-4CBA-8CF2-8727969D1524}"
EndProject
Project("{FAE04EC0-301F-11D3-BF4B-00C04F79EFBC}") = "InspectEngineLib", "InspectEngineLib\InspectEngineLib.csproj", "{AD8772E9-E200-46A5-B00A-7EE7E0D6B5CC}"
EndProject
Project("{FAE04EC0-301F-11D3-BF4B-00C04F79EFBC}") = "RelayBoxLib", "RelayBoxLib\RelayBoxLib.csproj", "{E056D66D-F699-4C04-9716-9A4B19797444}"
EndProject
Project("{FAE04EC0-301F-11D3-BF4B-00C04F79EFBC}") = "BIBoxLib", "BIBoxLib\BIBoxLib.csproj", "{E5310653-4EBA-4218-B87A-189112871B8A}"
EndProject
Global
	GlobalSection(SolutionConfigurationPlatforms) = preSolution
		Debug|Any CPU = Debug|Any CPU
		Debug|x86 = Debug|x86
		Release|Any CPU = Release|Any CPU
		Release|x86 = Release|x86
	EndGlobalSection
	GlobalSection(ProjectConfigurationPlatforms) = postSolution
		{AEAF69FF-974D-41D3-A0D8-BF8ABADFD1B0}.Debug|Any CPU.ActiveCfg = Debug|Any CPU
		{AEAF69FF-974D-41D3-A0D8-BF8ABADFD1B0}.Debug|Any CPU.Build.0 = Debug|Any CPU
		{AEAF69FF-974D-41D3-A0D8-BF8ABADFD1B0}.Debug|x86.ActiveCfg = Debug|x86
		{AEAF69FF-974D-41D3-A0D8-BF8ABADFD1B0}.Debug|x86.Build.0 = Debug|x86
		{AEAF69FF-974D-41D3-A0D8-BF8ABADFD1B0}.Release|Any CPU.ActiveCfg = Release|Any CPU
		{AEAF69FF-974D-41D3-A0D8-BF8ABADFD1B0}.Release|Any CPU.Build.0 = Release|Any CPU
		{AEAF69FF-974D-41D3-A0D8-BF8ABADFD1B0}.Release|x86.ActiveCfg = Release|x86
		{AEAF69FF-974D-41D3-A0D8-BF8ABADFD1B0}.Release|x86.Build.0 = Release|x86
		{AEF33CC6-4F1B-4B74-A234-2FFB42354024}.Debug|Any CPU.ActiveCfg = Debug|Any CPU
		{AEF33CC6-4F1B-4B74-A234-2FFB42354024}.Debug|Any CPU.Build.0 = Debug|Any CPU
		{AEF33CC6-4F1B-4B74-A234-2FFB42354024}.Debug|x86.ActiveCfg = Debug|x86
		{AEF33CC6-4F1B-4B74-A234-2FFB42354024}.Debug|x86.Build.0 = Debug|x86
		{AEF33CC6-4F1B-4B74-A234-2FFB42354024}.Release|Any CPU.ActiveCfg = Release|Any CPU
		{AEF33CC6-4F1B-4B74-A234-2FFB42354024}.Release|Any CPU.Build.0 = Release|Any CPU
		{AEF33CC6-4F1B-4B74-A234-2FFB42354024}.Release|x86.ActiveCfg = Release|x86
		{AEF33CC6-4F1B-4B74-A234-2FFB42354024}.Release|x86.Build.0 = Release|x86
		{BC031061-2598-4696-A92B-355793135D4C}.Debug|Any CPU.ActiveCfg = Debug|Any CPU
		{BC031061-2598-4696-A92B-355793135D4C}.Debug|Any CPU.Build.0 = Debug|Any CPU
		{BC031061-2598-4696-A92B-355793135D4C}.Debug|x86.ActiveCfg = Debug|Any CPU
		{BC031061-2598-4696-A92B-355793135D4C}.Debug|x86.Build.0 = Debug|Any CPU
		{BC031061-2598-4696-A92B-355793135D4C}.Release|Any CPU.ActiveCfg = Release|Any CPU
		{BC031061-2598-4696-A92B-355793135D4C}.Release|Any CPU.Build.0 = Release|Any CPU
		{BC031061-2598-4696-A92B-355793135D4C}.Release|x86.ActiveCfg = Release|Any CPU
		{BC031061-2598-4696-A92B-355793135D4C}.Release|x86.Build.0 = Release|Any CPU
		{EDCB15F0-7A5A-4049-8A39-8BC741811267}.Debug|Any CPU.ActiveCfg = Debug|Any CPU
		{EDCB15F0-7A5A-4049-8A39-8BC741811267}.Debug|Any CPU.Build.0 = Debug|Any CPU
		{EDCB15F0-7A5A-4049-8A39-8BC741811267}.Debug|x86.ActiveCfg = Debug|Any CPU
		{EDCB15F0-7A5A-4049-8A39-8BC741811267}.Debug|x86.Build.0 = Debug|Any CPU
		{EDCB15F0-7A5A-4049-8A39-8BC741811267}.Release|Any CPU.ActiveCfg = Release|Any CPU
		{EDCB15F0-7A5A-4049-8A39-8BC741811267}.Release|Any CPU.Build.0 = Release|Any CPU
		{EDCB15F0-7A5A-4049-8A39-8BC741811267}.Release|x86.ActiveCfg = Release|Any CPU
		{EDCB15F0-7A5A-4049-8A39-8BC741811267}.Release|x86.Build.0 = Release|Any CPU
		{28905996-1238-4004-A445-EF76EEB74145}.Debug|Any CPU.ActiveCfg = Debug|Any CPU
		{28905996-1238-4004-A445-EF76EEB74145}.Debug|Any CPU.Build.0 = Debug|Any CPU
		{28905996-1238-4004-A445-EF76EEB74145}.Debug|x86.ActiveCfg = Debug|Any CPU
		{28905996-1238-4004-A445-EF76EEB74145}.Debug|x86.Build.0 = Debug|Any CPU
		{28905996-1238-4004-A445-EF76EEB74145}.Release|Any CPU.ActiveCfg = Release|Any CPU
		{28905996-1238-4004-A445-EF76EEB74145}.Release|Any CPU.Build.0 = Release|Any CPU
		{28905996-1238-4004-A445-EF76EEB74145}.Release|x86.ActiveCfg = Release|Any CPU
		{28905996-1238-4004-A445-EF76EEB74145}.Release|x86.Build.0 = Release|Any CPU
		{84AA21D2-70F4-4410-B62A-4D98DCC61DCD}.Debug|Any CPU.ActiveCfg = Debug|Any CPU
		{84AA21D2-70F4-4410-B62A-4D98DCC61DCD}.Debug|Any CPU.Build.0 = Debug|Any CPU
		{84AA21D2-70F4-4410-B62A-4D98DCC61DCD}.Debug|x86.ActiveCfg = Debug|Any CPU
		{84AA21D2-70F4-4410-B62A-4D98DCC61DCD}.Debug|x86.Build.0 = Debug|Any CPU
		{84AA21D2-70F4-4410-B62A-4D98DCC61DCD}.Release|Any CPU.ActiveCfg = Release|Any CPU
		{84AA21D2-70F4-4410-B62A-4D98DCC61DCD}.Release|Any CPU.Build.0 = Release|Any CPU
		{84AA21D2-70F4-4410-B62A-4D98DCC61DCD}.Release|x86.ActiveCfg = Release|Any CPU
		{84AA21D2-70F4-4410-B62A-4D98DCC61DCD}.Release|x86.Build.0 = Release|Any CPU
		{446AE916-8E4A-4F21-86EF-A5D7E2B3CC02}.Debug|Any CPU.ActiveCfg = Debug|Any CPU
		{446AE916-8E4A-4F21-86EF-A5D7E2B3CC02}.Debug|Any CPU.Build.0 = Debug|Any CPU
		{446AE916-8E4A-4F21-86EF-A5D7E2B3CC02}.Debug|x86.ActiveCfg = Debug|Any CPU
		{446AE916-8E4A-4F21-86EF-A5D7E2B3CC02}.Debug|x86.Build.0 = Debug|Any CPU
		{446AE916-8E4A-4F21-86EF-A5D7E2B3CC02}.Release|Any CPU.ActiveCfg = Release|Any CPU
		{446AE916-8E4A-4F21-86EF-A5D7E2B3CC02}.Release|Any CPU.Build.0 = Release|Any CPU
		{446AE916-8E4A-4F21-86EF-A5D7E2B3CC02}.Release|x86.ActiveCfg = Release|Any CPU
		{446AE916-8E4A-4F21-86EF-A5D7E2B3CC02}.Release|x86.Build.0 = Release|Any CPU
		{2EEB2727-3AC0-43EF-A94A-973157B7F21C}.Debug|Any CPU.ActiveCfg = Debug|Any CPU
		{2EEB2727-3AC0-43EF-A94A-973157B7F21C}.Debug|Any CPU.Build.0 = Debug|Any CPU
		{2EEB2727-3AC0-43EF-A94A-973157B7F21C}.Debug|x86.ActiveCfg = Debug|Any CPU
		{2EEB2727-3AC0-43EF-A94A-973157B7F21C}.Debug|x86.Build.0 = Debug|Any CPU
		{2EEB2727-3AC0-43EF-A94A-973157B7F21C}.Release|Any CPU.ActiveCfg = Release|Any CPU
		{2EEB2727-3AC0-43EF-A94A-973157B7F21C}.Release|Any CPU.Build.0 = Release|Any CPU
		{2EEB2727-3AC0-43EF-A94A-973157B7F21C}.Release|x86.ActiveCfg = Release|Any CPU
		{2EEB2727-3AC0-43EF-A94A-973157B7F21C}.Release|x86.Build.0 = Release|Any CPU
		{10A49C82-9382-4F6F-9639-1764AE8E431B}.Debug|Any CPU.ActiveCfg = Debug|Any CPU
		{10A49C82-9382-4F6F-9639-1764AE8E431B}.Debug|Any CPU.Build.0 = Debug|Any CPU
		{10A49C82-9382-4F6F-9639-1764AE8E431B}.Debug|x86.ActiveCfg = Debug|Any CPU
		{10A49C82-9382-4F6F-9639-1764AE8E431B}.Debug|x86.Build.0 = Debug|Any CPU
		{10A49C82-9382-4F6F-9639-1764AE8E431B}.Release|Any CPU.ActiveCfg = Release|Any CPU
		{10A49C82-9382-4F6F-9639-1764AE8E431B}.Release|Any CPU.Build.0 = Release|Any CPU
		{10A49C82-9382-4F6F-9639-1764AE8E431B}.Release|x86.ActiveCfg = Release|Any CPU
		{10A49C82-9382-4F6F-9639-1764AE8E431B}.Release|x86.Build.0 = Release|Any CPU
		{3E3150BB-1FA2-46E9-8A65-0A91443F62E9}.Debug|Any CPU.ActiveCfg = Debug|Any CPU
		{3E3150BB-1FA2-46E9-8A65-0A91443F62E9}.Debug|Any CPU.Build.0 = Debug|Any CPU
		{3E3150BB-1FA2-46E9-8A65-0A91443F62E9}.Debug|x86.ActiveCfg = Debug|Any CPU
		{3E3150BB-1FA2-46E9-8A65-0A91443F62E9}.Debug|x86.Build.0 = Debug|Any CPU
		{3E3150BB-1FA2-46E9-8A65-0A91443F62E9}.Release|Any CPU.ActiveCfg = Release|Any CPU
		{3E3150BB-1FA2-46E9-8A65-0A91443F62E9}.Release|Any CPU.Build.0 = Release|Any CPU
		{3E3150BB-1FA2-46E9-8A65-0A91443F62E9}.Release|x86.ActiveCfg = Release|Any CPU
		{3E3150BB-1FA2-46E9-8A65-0A91443F62E9}.Release|x86.Build.0 = Release|Any CPU
		{932B967B-19BE-48BD-B071-37424F1F1555}.Debug|Any CPU.ActiveCfg = Debug|Any CPU
		{932B967B-19BE-48BD-B071-37424F1F1555}.Debug|Any CPU.Build.0 = Debug|Any CPU
		{932B967B-19BE-48BD-B071-37424F1F1555}.Debug|x86.ActiveCfg = Debug|Any CPU
		{932B967B-19BE-48BD-B071-37424F1F1555}.Debug|x86.Build.0 = Debug|Any CPU
		{932B967B-19BE-48BD-B071-37424F1F1555}.Release|Any CPU.ActiveCfg = Release|Any CPU
		{932B967B-19BE-48BD-B071-37424F1F1555}.Release|Any CPU.Build.0 = Release|Any CPU
		{932B967B-19BE-48BD-B071-37424F1F1555}.Release|x86.ActiveCfg = Release|Any CPU
		{932B967B-19BE-48BD-B071-37424F1F1555}.Release|x86.Build.0 = Release|Any CPU
		{CEA8D3E2-1EDF-4CBA-8CF2-8727969D1524}.Debug|Any CPU.ActiveCfg = Debug|Any CPU
		{CEA8D3E2-1EDF-4CBA-8CF2-8727969D1524}.Debug|Any CPU.Build.0 = Debug|Any CPU
		{CEA8D3E2-1EDF-4CBA-8CF2-8727969D1524}.Debug|x86.ActiveCfg = Debug|Any CPU
		{CEA8D3E2-1EDF-4CBA-8CF2-8727969D1524}.Debug|x86.Build.0 = Debug|Any CPU
		{CEA8D3E2-1EDF-4CBA-8CF2-8727969D1524}.Release|Any CPU.ActiveCfg = Release|Any CPU
		{CEA8D3E2-1EDF-4CBA-8CF2-8727969D1524}.Release|Any CPU.Build.0 = Release|Any CPU
		{CEA8D3E2-1EDF-4CBA-8CF2-8727969D1524}.Release|x86.ActiveCfg = Release|Any CPU
		{CEA8D3E2-1EDF-4CBA-8CF2-8727969D1524}.Release|x86.Build.0 = Release|Any CPU
		{AD8772E9-E200-46A5-B00A-7EE7E0D6B5CC}.Debug|Any CPU.ActiveCfg = Debug|Any CPU
		{AD8772E9-E200-46A5-B00A-7EE7E0D6B5CC}.Debug|Any CPU.Build.0 = Debug|Any CPU
		{AD8772E9-E200-46A5-B00A-7EE7E0D6B5CC}.Debug|x86.ActiveCfg = Debug|Any CPU
		{AD8772E9-E200-46A5-B00A-7EE7E0D6B5CC}.Debug|x86.Build.0 = Debug|Any CPU
		{AD8772E9-E200-46A5-B00A-7EE7E0D6B5CC}.Release|Any CPU.ActiveCfg = Release|Any CPU
		{AD8772E9-E200-46A5-B00A-7EE7E0D6B5CC}.Release|Any CPU.Build.0 = Release|Any CPU
		{AD8772E9-E200-46A5-B00A-7EE7E0D6B5CC}.Release|x86.ActiveCfg = Release|Any CPU
		{AD8772E9-E200-46A5-B00A-7EE7E0D6B5CC}.Release|x86.Build.0 = Release|Any CPU
		{E056D66D-F699-4C04-9716-9A4B19797444}.Debug|Any CPU.ActiveCfg = Debug|Any CPU
		{E056D66D-F699-4C04-9716-9A4B19797444}.Debug|Any CPU.Build.0 = Debug|Any CPU
		{E056D66D-F699-4C04-9716-9A4B19797444}.Debug|x86.ActiveCfg = Debug|Any CPU
		{E056D66D-F699-4C04-9716-9A4B19797444}.Debug|x86.Build.0 = Debug|Any CPU
		{E056D66D-F699-4C04-9716-9A4B19797444}.Release|Any CPU.ActiveCfg = Release|Any CPU
		{E056D66D-F699-4C04-9716-9A4B19797444}.Release|Any CPU.Build.0 = Release|Any CPU
		{E056D66D-F699-4C04-9716-9A4B19797444}.Release|x86.ActiveCfg = Release|Any CPU
		{E056D66D-F699-4C04-9716-9A4B19797444}.Release|x86.Build.0 = Release|Any CPU
		{E5310653-4EBA-4218-B87A-189112871B8A}.Debug|Any CPU.ActiveCfg = Debug|Any CPU
		{E5310653-4EBA-4218-B87A-189112871B8A}.Debug|Any CPU.Build.0 = Debug|Any CPU
		{E5310653-4EBA-4218-B87A-189112871B8A}.Debug|x86.ActiveCfg = Debug|Any CPU
		{E5310653-4EBA-4218-B87A-189112871B8A}.Debug|x86.Build.0 = Debug|Any CPU
		{E5310653-4EBA-4218-B87A-189112871B8A}.Release|Any CPU.ActiveCfg = Release|Any CPU
		{E5310653-4EBA-4218-B87A-189112871B8A}.Release|Any CPU.Build.0 = Release|Any CPU
		{E5310653-4EBA-4218-B87A-189112871B8A}.Release|x86.ActiveCfg = Release|Any CPU
		{E5310653-4EBA-4218-B87A-189112871B8A}.Release|x86.Build.0 = Release|Any CPU
	EndGlobalSection
	GlobalSection(SolutionProperties) = preSolution
		HideSolutionNode = FALSE
	EndGlobalSection
	GlobalSection(ExtensibilityGlobals) = postSolution
		SolutionGuid = {B543DDCF-39F4-4707-8326-6E8E6969CC83}
	EndGlobalSection
EndGlobal
